
Microsoft Visual Studio Solution File, Format Version 12.00
# Visual Studio Version 16
VisualStudioVersion = 16.0.30114.105
MinimumVisualStudioVersion = 10.0.40219.1
Project("{FAE04EC0-301F-11D3-BF4B-00C04F79EFBC}") = "TodoAPI", "TodoAPI\TodoAPI.csproj", "{093D28F6-8E1A-4393-ADD7-FAD60B3720AD}"
EndProject
Project("{FAE04EC0-301F-11D3-BF4B-00C04F79EFBC}") = "TodoWebapp", "TodoWebapp\TodoWebapp.csproj", "{3179D0A6-9899-4965-925C-101167D71507}"
EndProject
Global
	GlobalSection(SolutionConfigurationPlatforms) = preSolution
		Debug|Any CPU = Debug|Any CPU
		Release|Any CPU = Release|Any CPU
	EndGlobalSection
	GlobalSection(SolutionProperties) = preSolution
		HideSolutionNode = FALSE
	EndGlobalSection
	GlobalSection(ProjectConfigurationPlatforms) = postSolution
		{093D28F6-8E1A-4393-ADD7-FAD60B3720AD}.Debug|Any CPU.ActiveCfg = Debug|Any CPU
		{093D28F6-8E1A-4393-ADD7-FAD60B3720AD}.Debug|Any CPU.Build.0 = Debug|Any CPU
		{093D28F6-8E1A-4393-ADD7-FAD60B3720AD}.Release|Any CPU.ActiveCfg = Release|Any CPU
		{093D28F6-8E1A-4393-ADD7-FAD60B3720AD}.Release|Any CPU.Build.0 = Release|Any CPU
		{3179D0A6-9899-4965-925C-101167D71507}.Debug|Any CPU.ActiveCfg = Debug|Any CPU
		{3179D0A6-9899-4965-925C-101167D71507}.Debug|Any CPU.Build.0 = Debug|Any CPU
		{3179D0A6-9899-4965-925C-101167D71507}.Release|Any CPU.ActiveCfg = Release|Any CPU
		{3179D0A6-9899-4965-925C-101167D71507}.Release|Any CPU.Build.0 = Release|Any CPU
	EndGlobalSection
EndGlobal
